
Microsoft Visual Studio Solution File, Format Version 12.00
# Visual Studio Version 17
VisualStudioVersion = 17.11.35312.102
MinimumVisualStudioVersion = 10.0.40219.1
Project("{9A19103F-16F7-4668-BE54-9A1E7A4F7556}") = "DAL", "DAL\DAL.csproj", "{8BE0B7E9-5C34-4E8E-A8A5-7A4C4002336A}"
EndProject
Project("{9A19103F-16F7-4668-BE54-9A1E7A4F7556}") = "Web API", "Web API\Web API.csproj", "{40D9349A-A621-4793-84BD-D1AA2BE1C8EE}"
EndProject
Project("{9A19103F-16F7-4668-BE54-9A1E7A4F7556}") = "ConsoleApp", "ConsoleApp\ConsoleApp.csproj", "{11DF1965-4315-4262-A2BD-096C137A63C0}"
	ProjectSection(ProjectDependencies) = postProject
		{40D9349A-A621-4793-84BD-D1AA2BE1C8EE} = {40D9349A-A621-4793-84BD-D1AA2BE1C8EE}
		{8BE0B7E9-5C34-4E8E-A8A5-7A4C4002336A} = {8BE0B7E9-5C34-4E8E-A8A5-7A4C4002336A}
	EndProjectSection
EndProject
Project("{9A19103F-16F7-4668-BE54-9A1E7A4F7556}") = "Business", "Business\Business.csproj", "{A83C05D3-76C5-4CF4-A357-BD413EFD7CEF}"
EndProject
Project("{9A19103F-16F7-4668-BE54-9A1E7A4F7556}") = "Business.Tests", "BusinessTests\Business.Tests.csproj", "{8AB87A57-C19B-4715-8B12-4C8E73432CAC}"
EndProject
Project("{2150E333-8FDC-42A3-9474-1A3956D46DE8}") = "TestsTDD08", "TestsTDD08", "{C152886B-23D2-4FDD-A5C9-238FADAD4A28}"
EndProject
Project("{FAE04EC0-301F-11D3-BF4B-00C04F79EFBC}") = "ConsoleApp.Tests", "CommandsTests\ConsoleApp.Tests.csproj", "{AAD40398-1D42-41B6-A6E8-6E0B2D1D8BB5}"
EndProject
Project("{FAE04EC0-301F-11D3-BF4B-00C04F79EFBC}") = "WebAPI.Tests", "WebAPI.Tests\WebAPI.Tests.csproj", "{55F5CCEF-445B-4B8F-9865-4ABE52CB3225}"
EndProject
Project("{FAE04EC0-301F-11D3-BF4B-00C04F79EFBC}") = "DAL.Tests", "DAL.Tests\DAL.Tests.csproj", "{79C32C96-851C-45A6-B554-3340DCFC7755}"
EndProject
Global
	GlobalSection(SolutionConfigurationPlatforms) = preSolution
		Debug|Any CPU = Debug|Any CPU
		Release|Any CPU = Release|Any CPU
	EndGlobalSection
	GlobalSection(ProjectConfigurationPlatforms) = postSolution
		{8BE0B7E9-5C34-4E8E-A8A5-7A4C4002336A}.Debug|Any CPU.ActiveCfg = Debug|Any CPU
		{8BE0B7E9-5C34-4E8E-A8A5-7A4C4002336A}.Debug|Any CPU.Build.0 = Debug|Any CPU
		{8BE0B7E9-5C34-4E8E-A8A5-7A4C4002336A}.Release|Any CPU.ActiveCfg = Release|Any CPU
		{8BE0B7E9-5C34-4E8E-A8A5-7A4C4002336A}.Release|Any CPU.Build.0 = Release|Any CPU
		{40D9349A-A621-4793-84BD-D1AA2BE1C8EE}.Debug|Any CPU.ActiveCfg = Debug|Any CPU
		{40D9349A-A621-4793-84BD-D1AA2BE1C8EE}.Debug|Any CPU.Build.0 = Debug|Any CPU
		{40D9349A-A621-4793-84BD-D1AA2BE1C8EE}.Release|Any CPU.ActiveCfg = Release|Any CPU
		{40D9349A-A621-4793-84BD-D1AA2BE1C8EE}.Release|Any CPU.Build.0 = Release|Any CPU
		{11DF1965-4315-4262-A2BD-096C137A63C0}.Debug|Any CPU.ActiveCfg = Debug|Any CPU
		{11DF1965-4315-4262-A2BD-096C137A63C0}.Debug|Any CPU.Build.0 = Debug|Any CPU
		{11DF1965-4315-4262-A2BD-096C137A63C0}.Release|Any CPU.ActiveCfg = Release|Any CPU
		{11DF1965-4315-4262-A2BD-096C137A63C0}.Release|Any CPU.Build.0 = Release|Any CPU
		{A83C05D3-76C5-4CF4-A357-BD413EFD7CEF}.Debug|Any CPU.ActiveCfg = Debug|Any CPU
		{A83C05D3-76C5-4CF4-A357-BD413EFD7CEF}.Debug|Any CPU.Build.0 = Debug|Any CPU
		{A83C05D3-76C5-4CF4-A357-BD413EFD7CEF}.Release|Any CPU.ActiveCfg = Release|Any CPU
		{A83C05D3-76C5-4CF4-A357-BD413EFD7CEF}.Release|Any CPU.Build.0 = Release|Any CPU
		{8AB87A57-C19B-4715-8B12-4C8E73432CAC}.Debug|Any CPU.ActiveCfg = Debug|Any CPU
		{8AB87A57-C19B-4715-8B12-4C8E73432CAC}.Debug|Any CPU.Build.0 = Debug|Any CPU
		{8AB87A57-C19B-4715-8B12-4C8E73432CAC}.Release|Any CPU.ActiveCfg = Release|Any CPU
		{8AB87A57-C19B-4715-8B12-4C8E73432CAC}.Release|Any CPU.Build.0 = Release|Any CPU
		{AAD40398-1D42-41B6-A6E8-6E0B2D1D8BB5}.Debug|Any CPU.ActiveCfg = Debug|Any CPU
		{AAD40398-1D42-41B6-A6E8-6E0B2D1D8BB5}.Debug|Any CPU.Build.0 = Debug|Any CPU
		{AAD40398-1D42-41B6-A6E8-6E0B2D1D8BB5}.Release|Any CPU.ActiveCfg = Release|Any CPU
		{AAD40398-1D42-41B6-A6E8-6E0B2D1D8BB5}.Release|Any CPU.Build.0 = Release|Any CPU
		{55F5CCEF-445B-4B8F-9865-4ABE52CB3225}.Debug|Any CPU.ActiveCfg = Debug|Any CPU
		{55F5CCEF-445B-4B8F-9865-4ABE52CB3225}.Debug|Any CPU.Build.0 = Debug|Any CPU
		{55F5CCEF-445B-4B8F-9865-4ABE52CB3225}.Release|Any CPU.ActiveCfg = Release|Any CPU
		{55F5CCEF-445B-4B8F-9865-4ABE52CB3225}.Release|Any CPU.Build.0 = Release|Any CPU
		{79C32C96-851C-45A6-B554-3340DCFC7755}.Debug|Any CPU.ActiveCfg = Debug|Any CPU
		{79C32C96-851C-45A6-B554-3340DCFC7755}.Debug|Any CPU.Build.0 = Debug|Any CPU
		{79C32C96-851C-45A6-B554-3340DCFC7755}.Release|Any CPU.ActiveCfg = Release|Any CPU
		{79C32C96-851C-45A6-B554-3340DCFC7755}.Release|Any CPU.Build.0 = Release|Any CPU
	EndGlobalSection
	GlobalSection(SolutionProperties) = preSolution
		HideSolutionNode = FALSE
	EndGlobalSection
	GlobalSection(NestedProjects) = preSolution
		{8AB87A57-C19B-4715-8B12-4C8E73432CAC} = {C152886B-23D2-4FDD-A5C9-238FADAD4A28}
		{AAD40398-1D42-41B6-A6E8-6E0B2D1D8BB5} = {C152886B-23D2-4FDD-A5C9-238FADAD4A28}
		{55F5CCEF-445B-4B8F-9865-4ABE52CB3225} = {C152886B-23D2-4FDD-A5C9-238FADAD4A28}
		{79C32C96-851C-45A6-B554-3340DCFC7755} = {C152886B-23D2-4FDD-A5C9-238FADAD4A28}
	EndGlobalSection
	GlobalSection(ExtensibilityGlobals) = postSolution
		SolutionGuid = {EE56B6C7-2436-4805-8451-03B1E8C6355E}
	EndGlobalSection
EndGlobal
